// !$*UTF8*$!
{
	archiveVersion = 1;
	classes = {
	};
	objectVersion = 50;
	objects = {

/* Begin PBXBuildFile section */
		8195431F2140365A000F2B4D /* AppDelegate.swift in Sources */ = {isa = PBXBuildFile; fileRef = 8195431E2140365A000F2B4D /* AppDelegate.swift */; };
		819543212140365A000F2B4D /* ViewController.swift in Sources */ = {isa = PBXBuildFile; fileRef = 819543202140365A000F2B4D /* ViewController.swift */; };
		819543242140365A000F2B4D /* Main.storyboard in Resources */ = {isa = PBXBuildFile; fileRef = 819543222140365A000F2B4D /* Main.storyboard */; };
		819543262140365B000F2B4D /* Assets.xcassets in Resources */ = {isa = PBXBuildFile; fileRef = 819543252140365B000F2B4D /* Assets.xcassets */; };
		819543292140365B000F2B4D /* LaunchScreen.storyboard in Resources */ = {isa = PBXBuildFile; fileRef = 819543272140365B000F2B4D /* LaunchScreen.storyboard */; };
		8195433121405236000F2B4D /* CGPoint+Extensions.swift in Sources */ = {isa = PBXBuildFile; fileRef = 8195433021405236000F2B4D /* CGPoint+Extensions.swift */; };
		81954333214064A3000F2B4D /* Bullet.swift in Sources */ = {isa = PBXBuildFile; fileRef = 81954332214064A3000F2B4D /* Bullet.swift */; };
/* End PBXBuildFile section */

/* Begin PBXFileReference section */
		8195431B2140365A000F2B4D /* Blep.app */ = {isa = PBXFileReference; explicitFileType = wrapper.application; includeInIndex = 0; path = Blep.app; sourceTree = BUILT_PRODUCTS_DIR; };
		8195431E2140365A000F2B4D /* AppDelegate.swift */ = {isa = PBXFileReference; lastKnownFileType = sourcecode.swift; path = AppDelegate.swift; sourceTree = "<group>"; };
		819543202140365A000F2B4D /* ViewController.swift */ = {isa = PBXFileReference; lastKnownFileType = sourcecode.swift; path = ViewController.swift; sourceTree = "<group>"; };
		819543232140365A000F2B4D /* Base */ = {isa = PBXFileReference; lastKnownFileType = file.storyboard; name = Base; path = Base.lproj/Main.storyboard; sourceTree = "<group>"; };
		819543252140365B000F2B4D /* Assets.xcassets */ = {isa = PBXFileReference; lastKnownFileType = folder.assetcatalog; path = Assets.xcassets; sourceTree = "<group>"; };
		819543282140365B000F2B4D /* Base */ = {isa = PBXFileReference; lastKnownFileType = file.storyboard; name = Base; path = Base.lproj/LaunchScreen.storyboard; sourceTree = "<group>"; };
		8195432A2140365B000F2B4D /* Info.plist */ = {isa = PBXFileReference; lastKnownFileType = text.plist.xml; path = Info.plist; sourceTree = "<group>"; };
		8195433021405236000F2B4D /* CGPoint+Extensions.swift */ = {isa = PBXFileReference; lastKnownFileType = sourcecode.swift; path = "CGPoint+Extensions.swift"; sourceTree = "<group>"; };
		81954332214064A3000F2B4D /* Bullet.swift */ = {isa = PBXFileReference; lastKnownFileType = sourcecode.swift; path = Bullet.swift; sourceTree = "<group>"; };
/* End PBXFileReference section */

/* Begin PBXFrameworksBuildPhase section */
		819543182140365A000F2B4D /* Frameworks */ = {
			isa = PBXFrameworksBuildPhase;
			buildActionMask = 2147483647;
			files = (
			);
			runOnlyForDeploymentPostprocessing = 0;
		};
/* End PBXFrameworksBuildPhase section */

/* Begin PBXGroup section */
		819543122140365A000F2B4D = {
			isa = PBXGroup;
			children = (
				8195431D2140365A000F2B4D /* Blep */,
				8195431C2140365A000F2B4D /* Products */,
			);
			sourceTree = "<group>";
		};
		8195431C2140365A000F2B4D /* Products */ = {
			isa = PBXGroup;
			children = (
				8195431B2140365A000F2B4D /* Blep.app */,
			);
			name = Products;
			sourceTree = "<group>";
		};
		8195431D2140365A000F2B4D /* Blep */ = {
			isa = PBXGroup;
			children = (
				8195433021405236000F2B4D /* CGPoint+Extensions.swift */,
				81954332214064A3000F2B4D /* Bullet.swift */,
				8195431E2140365A000F2B4D /* AppDelegate.swift */,
				819543202140365A000F2B4D /* ViewController.swift */,
				819543222140365A000F2B4D /* Main.storyboard */,
				819543252140365B000F2B4D /* Assets.xcassets */,
				819543272140365B000F2B4D /* LaunchScreen.storyboard */,
				8195432A2140365B000F2B4D /* Info.plist */,
			);
			path = Blep;
			sourceTree = "<group>";
		};
/* End PBXGroup section */

/* Begin PBXNativeTarget section */
		8195431A2140365A000F2B4D /* Blep */ = {
			isa = PBXNativeTarget;
			buildConfigurationList = 8195432D2140365B000F2B4D /* Build configuration list for PBXNativeTarget "Blep" */;
			buildPhases = (
				819543172140365A000F2B4D /* Sources */,
				819543182140365A000F2B4D /* Frameworks */,
				819543192140365A000F2B4D /* Resources */,
			);
			buildRules = (
			);
			dependencies = (
			);
			name = Blep;
			productName = Blep;
			productReference = 8195431B2140365A000F2B4D /* Blep.app */;
			productType = "com.apple.product-type.application";
		};
/* End PBXNativeTarget section */

/* Begin PBXProject section */
		819543132140365A000F2B4D /* Project object */ = {
			isa = PBXProject;
			attributes = {
				LastSwiftUpdateCheck = 0940;
				LastUpgradeCheck = 0940;
				ORGANIZATIONNAME = "Jayden Garrick";
				TargetAttributes = {
					8195431A2140365A000F2B4D = {
						CreatedOnToolsVersion = 9.4.1;
					};
				};
			};
			buildConfigurationList = 819543162140365A000F2B4D /* Build configuration list for PBXProject "Blep" */;
			compatibilityVersion = "Xcode 9.3";
			developmentRegion = en;
			hasScannedForEncodings = 0;
			knownRegions = (
				en,
				Base,
			);
			mainGroup = 819543122140365A000F2B4D;
			productRefGroup = 8195431C2140365A000F2B4D /* Products */;
			projectDirPath = "";
			projectRoot = "";
			targets = (
				8195431A2140365A000F2B4D /* Blep */,
			);
		};
/* End PBXProject section */

/* Begin PBXResourcesBuildPhase section */
		819543192140365A000F2B4D /* Resources */ = {
			isa = PBXResourcesBuildPhase;
			buildActionMask = 2147483647;
			files = (
				819543292140365B000F2B4D /* LaunchScreen.storyboard in Resources */,
				819543262140365B000F2B4D /* Assets.xcassets in Resources */,
				819543242140365A000F2B4D /* Main.storyboard in Resources */,
			);
			runOnlyForDeploymentPostprocessing = 0;
		};
/* End PBXResourcesBuildPhase section */

/* Begin PBXSourcesBuildPhase section */
		819543172140365A000F2B4D /* Sources */ = {
			isa = PBXSourcesBuildPhase;
			buildActionMask = 2147483647;
			files = (
				819543212140365A000F2B4D /* ViewController.swift in Sources */,
				8195433121405236000F2B4D /* CGPoint+Extensions.swift in Sources */,
				8195431F2140365A000F2B4D /* AppDelegate.swift in Sources */,
				81954333214064A3000F2B4D /* Bullet.swift in Sources */,
			);
			runOnlyForDeploymentPostprocessing = 0;
		};
/* End PBXSourcesBuildPhase section */

/* Begin PBXVariantGroup section */
		819543222140365A000F2B4D /* Main.storyboard */ = {
			isa = PBXVariantGroup;
			children = (
				819543232140365A000F2B4D /* Base */,
			);
			name = Main.storyboard;
			sourceTree = "<group>";
		};
		819543272140365B000F2B4D /* LaunchScreen.storyboard */ = {
			isa = PBXVariantGroup;
			children = (
				819543282140365B000F2B4D /* Base */,
			);
			name = LaunchScreen.storyboard;
			sourceTree = "<group>";
		};
/* End PBXVariantGroup section */

/* Begin XCBuildConfiguration section */
		8195432B2140365B000F2B4D /* Debug */ = {
			isa = XCBuildConfiguration;
			buildSettings = {
				ALWAYS_SEARCH_USER_PATHS = NO;
				CLANG_ANALYZER_NONNULL = YES;
				CLANG_ANALYZER_NUMBER_OBJECT_CONVERSION = YES_AGGRESSIVE;
				CLANG_CXX_LANGUAGE_STANDARD = "gnu++14";
				CLANG_CXX_LIBRARY = "libc++";
				CLANG_ENABLE_MODULES = YES;
				CLANG_ENABLE_OBJC_ARC = YES;
				CLANG_ENABLE_OBJC_WEAK = YES;
				CLANG_WARN_BLOCK_CAPTURE_AUTORELEASING = YES;
				CLANG_WARN_BOOL_CONVERSION = YES;
				CLANG_WARN_COMMA = YES;
				CLANG_WARN_CONSTANT_CONVERSION = YES;
				CLANG_WARN_DEPRECATED_OBJC_IMPLEMENTATIONS = YES;
				CLANG_WARN_DIRECT_OBJC_ISA_USAGE = YES_ERROR;
				CLANG_WARN_DOCUMENTATION_COMMENTS = YES;
				CLANG_WARN_EMPTY_BODY = YES;
				CLANG_WARN_ENUM_CONVERSION = YES;
				CLANG_WARN_INFINITE_RECURSION = YES;
				CLANG_WARN_INT_CONVERSION = YES;
				CLANG_WARN_NON_LITERAL_NULL_CONVERSION = YES;
				CLANG_WARN_OBJC_IMPLICIT_RETAIN_SELF = YES;
				CLANG_WARN_OBJC_LITERAL_CONVERSION = YES;
				CLANG_WARN_OBJC_ROOT_CLASS = YES_ERROR;
				CLANG_WARN_RANGE_LOOP_ANALYSIS = YES;
				CLANG_WARN_STRICT_PROTOTYPES = YES;
				CLANG_WARN_SUSPICIOUS_MOVE = YES;
				CLANG_WARN_UNGUARDED_AVAILABILITY = YES_AGGRESSIVE;
				CLANG_WARN_UNREACHABLE_CODE = YES;
				CLANG_WARN__DUPLICATE_METHOD_MATCH = YES;
				CODE_SIGN_IDENTITY = "iPhone Developer";
				COPY_PHASE_STRIP = NO;
				DEBUG_INFORMATION_FORMAT = dwarf;
				ENABLE_STRICT_OBJC_MSGSEND = YES;
				ENABLE_TESTABILITY = YES;
				GCC_C_LANGUAGE_STANDARD = gnu11;
				GCC_DYNAMIC_NO_PIC = NO;
				GCC_NO_COMMON_BLOCKS = YES;
				GCC_OPTIMIZATION_LEVEL = 0;
				GCC_PREPROCESSOR_DEFINITIONS = (
					"DEBUG=1",
					"$(inherited)",
				);
				GCC_WARN_64_TO_32_BIT_CONVERSION = YES;
				GCC_WARN_ABOUT_RETURN_TYPE = YES_ERROR;
				GCC_WARN_UNDECLARED_SELECTOR = YES;
				GCC_WARN_UNINITIALIZED_AUTOS = YES_AGGRESSIVE;
				GCC_WARN_UNUSED_FUNCTION = YES;
				GCC_WARN_UNUSED_VARIABLE = YES;
				IPHONEOS_DEPLOYMENT_TARGET = 11.4;
				MTL_ENABLE_DEBUG_INFO = YES;
				ONLY_ACTIVE_ARCH = YES;
				SDKROOT = iphoneos;
				SWIFT_ACTIVE_COMPILATION_CONDITIONS = DEBUG;
				SWIFT_OPTIMIZATION_LEVEL = "-Onone";
			};
			name = Debug;
		};
		8195432C2140365B000F2B4D /* Release */ = {
			isa = XCBuildConfiguration;
			buildSettings = {
				ALWAYS_SEARCH_USER_PATHS = NO;
				CLANG_ANALYZER_NONNULL = YES;
				CLANG_ANALYZER_NUMBER_OBJECT_CONVERSION = YES_AGGRESSIVE;
				CLANG_CXX_LANGUAGE_STANDARD = "gnu++14";
				CLANG_CXX_LIBRARY = "libc++";
				CLANG_ENABLE_MODULES = YES;
				CLANG_ENABLE_OBJC_ARC = YES;
				CLANG_ENABLE_OBJC_WEAK = YES;
				CLANG_WARN_BLOCK_CAPTURE_AUTORELEASING = YES;
				CLANG_WARN_BOOL_CONVERSION = YES;
				CLANG_WARN_COMMA = YES;
				CLANG_WARN_CONSTANT_CONVERSION = YES;
				CLANG_WARN_DEPRECATED_OBJC_IMPLEMENTATIONS = YES;
				CLANG_WARN_DIRECT_OBJC_ISA_USAGE = YES_ERROR;
				CLANG_WARN_DOCUMENTATION_COMMENTS = YES;
				CLANG_WARN_EMPTY_BODY = YES;
				CLANG_WARN_ENUM_CONVERSION = YES;
				CLANG_WARN_INFINITE_RECURSION = YES;
				CLANG_WARN_INT_CONVERSION = YES;
				CLANG_WARN_NON_LITERAL_NULL_CONVERSION = YES;
				CLANG_WARN_OBJC_IMPLICIT_RETAIN_SELF = YES;
				CLANG_WARN_OBJC_LITERAL_CONVERSION = YES;
				CLANG_WARN_OBJC_ROOT_CLASS = YES_ERROR;
				CLANG_WARN_RANGE_LOOP_ANALYSIS = YES;
				CLANG_WARN_STRICT_PROTOTYPES = YES;
				CLANG_WARN_SUSPICIOUS_MOVE = YES;
				CLANG_WARN_UNGUARDED_AVAILABILITY = YES_AGGRESSIVE;
				CLANG_WARN_UNREACHABLE_CODE = YES;
				CLANG_WARN__DUPLICATE_METHOD_MATCH = YES;
				CODE_SIGN_IDENTITY = "iPhone Developer";
				COPY_PHASE_STRIP = NO;
				DEBUG_INFORMATION_FORMAT = "dwarf-with-dsym";
				ENABLE_NS_ASSERTIONS = NO;
				ENABLE_STRICT_OBJC_MSGSEND = YES;
				GCC_C_LANGUAGE_STANDARD = gnu11;
				GCC_NO_COMMON_BLOCKS = YES;
				GCC_WARN_64_TO_32_BIT_CONVERSION = YES;
				GCC_WARN_ABOUT_RETURN_TYPE = YES_ERROR;
				GCC_WARN_UNDECLARED_SELECTOR = YES;
				GCC_WARN_UNINITIALIZED_AUTOS = YES_AGGRESSIVE;
				GCC_WARN_UNUSED_FUNCTION = YES;
				GCC_WARN_UNUSED_VARIABLE = YES;
				IPHONEOS_DEPLOYMENT_TARGET = 11.4;
				MTL_ENABLE_DEBUG_INFO = NO;
				SDKROOT = iphoneos;
				SWIFT_COMPILATION_MODE = wholemodule;
				SWIFT_OPTIMIZATION_LEVEL = "-O";
				VALIDATE_PRODUCT = YES;
			};
			name = Release;
		};
		8195432E2140365B000F2B4D /* Debug */ = {
			isa = XCBuildConfiguration;
			buildSettings = {
				ASSETCATALOG_COMPILER_APPICON_NAME = AppIcon;
				CODE_SIGN_STYLE = Automatic;
				DEVELOPMENT_TEAM = 94C4Q5DME5;
				INFOPLIST_FILE = Blep/Info.plist;
				LD_RUNPATH_SEARCH_PATHS = (
					"$(inherited)",
					"@executable_path/Frameworks",
				);
				PRODUCT_BUNDLE_IDENTIFIER = com.jaydencraig.Blep;
				PRODUCT_NAME = "$(TARGET_NAME)";
				SWIFT_VERSION = 4.0;
				TARGETED_DEVICE_FAMILY = "1,2";
			};
			name = Debug;
		};
		8195432F2140365B000F2B4D /* Release */ = {
			isa = XCBuildConfiguration;
			buildSettings = {
				ASSETCATALOG_COMPILER_APPICON_NAME = AppIcon;
				CODE_SIGN_STYLE = Automatic;
				DEVELOPMENT_TEAM = 94C4Q5DME5;
				INFOPLIST_FILE = Blep/Info.plist;
				LD_RUNPATH_SEARCH_PATHS = (
					"$(inherited)",
					"@executable_path/Frameworks",
				);
				PRODUCT_BUNDLE_IDENTIFIER = com.jaydencraig.Blep;
				PRODUCT_NAME = "$(TARGET_NAME)";
				SWIFT_VERSION = 4.0;
				TARGETED_DEVICE_FAMILY = "1,2";
			};
			name = Release;
		};
/* End XCBuildConfiguration section */

/* Begin XCConfigurationList section */
		819543162140365A000F2B4D /* Build configuration list for PBXProject "Blep" */ = {
			isa = XCConfigurationList;
			buildConfigurations = (
				8195432B2140365B000F2B4D /* Debug */,
				8195432C2140365B000F2B4D /* Release */,
			);
			defaultConfigurationIsVisible = 0;
			defaultConfigurationName = Release;
		};
		8195432D2140365B000F2B4D /* Build configuration list for PBXNativeTarget "Blep" */ = {
			isa = XCConfigurationList;
			buildConfigurations = (
				8195432E2140365B000F2B4D /* Debug */,
				8195432F2140365B000F2B4D /* Release */,
			);
			defaultConfigurationIsVisible = 0;
			defaultConfigurationName = Release;
		};
/* End XCConfigurationList section */
	};
	rootObject = 819543132140365A000F2B4D /* Project object */;
}
